
Microsoft Visual Studio Solution File, Format Version 12.00
# Visual Studio Version 16
VisualStudioVersion = 16.0.29418.71
MinimumVisualStudioVersion = 10.0.40219.1
Project("{FAE04EC0-301F-11D3-BF4B-00C04F79EFBC}") = "LiftoffLiveCoding", "LiftoffLiveCoding.csproj", "{33A24972-4266-4BD8-8640-64C697C04774}"
EndProject
Global
	GlobalSection(SolutionConfigurationPlatforms) = preSolution
		Debug|Any CPU = Debug|Any CPU
		Release|Any CPU = Release|Any CPU
	EndGlobalSection
	GlobalSection(ProjectConfigurationPlatforms) = postSolution
		{33A24972-4266-4BD8-8640-64C697C04774}.Debug|Any CPU.ActiveCfg = Debug|Any CPU
		{33A24972-4266-4BD8-8640-64C697C04774}.Debug|Any CPU.Build.0 = Debug|Any CPU
		{33A24972-4266-4BD8-8640-64C697C04774}.Release|Any CPU.ActiveCfg = Release|Any CPU
		{33A24972-4266-4BD8-8640-64C697C04774}.Release|Any CPU.Build.0 = Release|Any CPU
	EndGlobalSection
	GlobalSection(SolutionProperties) = preSolution
		HideSolutionNode = FALSE
	EndGlobalSection
	GlobalSection(ExtensibilityGlobals) = postSolution
		SolutionGuid = {1DDFA146-A091-480D-A6BC-1BDBF3D1A6A4}
	EndGlobalSection
EndGlobal
